
Microsoft Visual Studio Solution File, Format Version 12.00
Project("{FAE04EC0-301F-11D3-BF4B-00C04F79EFBC}") = "SwapEstate.Rest", "SwapEstate.Rest\SwapEstate.Rest.csproj", "{16C0F586-60E0-4254-8A06-093461BAD750}"
EndProject
Project("{FAE04EC0-301F-11D3-BF4B-00C04F79EFBC}") = "SwapEstate.Identity.Abstract", "SwapEstate.Identity.Abstract\SwapEstate.Identity.Abstract.csproj", "{7B832558-D556-4CB7-84B7-B70A503FB8D9}"
EndProject
Project("{FAE04EC0-301F-11D3-BF4B-00C04F79EFBC}") = "SwapEstate.Identity.Impl", "SwapEstate.Identity.Impl\SwapEstate.Identity.Impl.csproj", "{54C8995A-2BD0-4A1D-ACFA-75ABBBC47BA8}"
EndProject
Project("{FAE04EC0-301F-11D3-BF4B-00C04F79EFBC}") = "SwapEstate.Auth.Abstract", "SwapEstate.Auth.Abstract\SwapEstate.Auth.Abstract.csproj", "{68C86999-88EC-434D-A57F-4BB27F481269}"
EndProject
Project("{FAE04EC0-301F-11D3-BF4B-00C04F79EFBC}") = "SwapEstate.Auth.Impl", "SwapEstate.Auth.Impl\SwapEstate.Auth.Impl.csproj", "{A91FD7C3-4F13-479E-981F-17440872B1EB}"
EndProject
Project("{FAE04EC0-301F-11D3-BF4B-00C04F79EFBC}") = "SwapEstate.Chats", "SwapEstate.Chats\SwapEstate.Chats.csproj", "{ED990CAE-45FA-4713-8DCA-514A1FD417F5}"
EndProject
Project("{FAE04EC0-301F-11D3-BF4B-00C04F79EFBC}") = "SwapEstate.Chats.Abstract", "SwapEstate.Chats.Abstract\SwapEstate.Chats.Abstract.csproj", "{4ED0B62F-AA39-4C51-917D-277E49654CC9}"
EndProject
Global
	GlobalSection(SolutionConfigurationPlatforms) = preSolution
		Debug|Any CPU = Debug|Any CPU
		Release|Any CPU = Release|Any CPU
	EndGlobalSection
	GlobalSection(ProjectConfigurationPlatforms) = postSolution
		{16C0F586-60E0-4254-8A06-093461BAD750}.Debug|Any CPU.ActiveCfg = Debug|Any CPU
		{16C0F586-60E0-4254-8A06-093461BAD750}.Debug|Any CPU.Build.0 = Debug|Any CPU
		{16C0F586-60E0-4254-8A06-093461BAD750}.Release|Any CPU.ActiveCfg = Release|Any CPU
		{16C0F586-60E0-4254-8A06-093461BAD750}.Release|Any CPU.Build.0 = Release|Any CPU
		{7B832558-D556-4CB7-84B7-B70A503FB8D9}.Debug|Any CPU.ActiveCfg = Debug|Any CPU
		{7B832558-D556-4CB7-84B7-B70A503FB8D9}.Debug|Any CPU.Build.0 = Debug|Any CPU
		{7B832558-D556-4CB7-84B7-B70A503FB8D9}.Release|Any CPU.ActiveCfg = Release|Any CPU
		{7B832558-D556-4CB7-84B7-B70A503FB8D9}.Release|Any CPU.Build.0 = Release|Any CPU
		{54C8995A-2BD0-4A1D-ACFA-75ABBBC47BA8}.Debug|Any CPU.ActiveCfg = Debug|Any CPU
		{54C8995A-2BD0-4A1D-ACFA-75ABBBC47BA8}.Debug|Any CPU.Build.0 = Debug|Any CPU
		{54C8995A-2BD0-4A1D-ACFA-75ABBBC47BA8}.Release|Any CPU.ActiveCfg = Release|Any CPU
		{54C8995A-2BD0-4A1D-ACFA-75ABBBC47BA8}.Release|Any CPU.Build.0 = Release|Any CPU
		{68C86999-88EC-434D-A57F-4BB27F481269}.Debug|Any CPU.ActiveCfg = Debug|Any CPU
		{68C86999-88EC-434D-A57F-4BB27F481269}.Debug|Any CPU.Build.0 = Debug|Any CPU
		{68C86999-88EC-434D-A57F-4BB27F481269}.Release|Any CPU.ActiveCfg = Release|Any CPU
		{68C86999-88EC-434D-A57F-4BB27F481269}.Release|Any CPU.Build.0 = Release|Any CPU
		{A91FD7C3-4F13-479E-981F-17440872B1EB}.Debug|Any CPU.ActiveCfg = Debug|Any CPU
		{A91FD7C3-4F13-479E-981F-17440872B1EB}.Debug|Any CPU.Build.0 = Debug|Any CPU
		{A91FD7C3-4F13-479E-981F-17440872B1EB}.Release|Any CPU.ActiveCfg = Release|Any CPU
		{A91FD7C3-4F13-479E-981F-17440872B1EB}.Release|Any CPU.Build.0 = Release|Any CPU
		{ED990CAE-45FA-4713-8DCA-514A1FD417F5}.Debug|Any CPU.ActiveCfg = Debug|Any CPU
		{ED990CAE-45FA-4713-8DCA-514A1FD417F5}.Debug|Any CPU.Build.0 = Debug|Any CPU
		{ED990CAE-45FA-4713-8DCA-514A1FD417F5}.Release|Any CPU.ActiveCfg = Release|Any CPU
		{ED990CAE-45FA-4713-8DCA-514A1FD417F5}.Release|Any CPU.Build.0 = Release|Any CPU
		{4ED0B62F-AA39-4C51-917D-277E49654CC9}.Debug|Any CPU.ActiveCfg = Debug|Any CPU
		{4ED0B62F-AA39-4C51-917D-277E49654CC9}.Debug|Any CPU.Build.0 = Debug|Any CPU
		{4ED0B62F-AA39-4C51-917D-277E49654CC9}.Release|Any CPU.ActiveCfg = Release|Any CPU
		{4ED0B62F-AA39-4C51-917D-277E49654CC9}.Release|Any CPU.Build.0 = Release|Any CPU
	EndGlobalSection
EndGlobal
